// !$*UTF8*$!
{
	archiveVersion = 1;
	classes = {
	};
	objectVersion = 50;
	objects = {

/* Begin PBXBuildFile section */
		563FDCC6248F7CB100700820 /* LoginViewController.xib in Resources */ = {isa = PBXBuildFile; fileRef = 563FDCC2248F7CB100700820 /* LoginViewController.xib */; };
		563FDCC7248F7CB100700820 /* LoginViewContoller.swift in Sources */ = {isa = PBXBuildFile; fileRef = 563FDCC3248F7CB100700820 /* LoginViewContoller.swift */; };
		563FDCC8248F7CB100700820 /* QuizListController.xib in Resources */ = {isa = PBXBuildFile; fileRef = 563FDCC4248F7CB100700820 /* QuizListController.xib */; };
		563FDCC9248F7CB100700820 /* QuizListController.swift in Sources */ = {isa = PBXBuildFile; fileRef = 563FDCC5248F7CB100700820 /* QuizListController.swift */; };
		563FDCCE248F7CF700700820 /* ListItemView.xib in Resources */ = {isa = PBXBuildFile; fileRef = 563FDCCA248F7CF700700820 /* ListItemView.xib */; };
		563FDCCF248F7CF700700820 /* ListItemView.swift in Sources */ = {isa = PBXBuildFile; fileRef = 563FDCCB248F7CF700700820 /* ListItemView.swift */; };
		563FDCD0248F7CF700700820 /* QuestionsView.swift in Sources */ = {isa = PBXBuildFile; fileRef = 563FDCCC248F7CF700700820 /* QuestionsView.swift */; };
		563FDCD1248F7CF700700820 /* QuestionsView.xib in Resources */ = {isa = PBXBuildFile; fileRef = 563FDCCD248F7CF700700820 /* QuestionsView.xib */; };
		563FDCD3248F7D5900700820 /* QuizCollection.swift in Sources */ = {isa = PBXBuildFile; fileRef = 563FDCD2248F7D5900700820 /* QuizCollection.swift */; };
		563FDCD6248F7D8300700820 /* Question.swift in Sources */ = {isa = PBXBuildFile; fileRef = 563FDCD4248F7D8200700820 /* Question.swift */; };
		563FDCD7248F7D8300700820 /* Quiz.swift in Sources */ = {isa = PBXBuildFile; fileRef = 563FDCD5248F7D8300700820 /* Quiz.swift */; };
		563FDCD9248F7E5600700820 /* ViewController.swift in Sources */ = {isa = PBXBuildFile; fileRef = 563FDCD8248F7E5600700820 /* ViewController.swift */; };
		563FDCDC248F7E9900700820 /* Main.storyboard in Resources */ = {isa = PBXBuildFile; fileRef = 563FDCDA248F7E9900700820 /* Main.storyboard */; };
		56BDCEBD24699D0D0076EDCE /* AppDelegate.swift in Sources */ = {isa = PBXBuildFile; fileRef = 56BDCEBC24699D0D0076EDCE /* AppDelegate.swift */; };
		56BDCEBF24699D0D0076EDCE /* SceneDelegate.swift in Sources */ = {isa = PBXBuildFile; fileRef = 56BDCEBE24699D0D0076EDCE /* SceneDelegate.swift */; };
		56BDCEC624699D100076EDCE /* Assets.xcassets in Resources */ = {isa = PBXBuildFile; fileRef = 56BDCEC524699D100076EDCE /* Assets.xcassets */; };
		56BDCEC924699D100076EDCE /* LaunchScreen.storyboard in Resources */ = {isa = PBXBuildFile; fileRef = 56BDCEC724699D100076EDCE /* LaunchScreen.storyboard */; };
		56BDCED424699D100076EDCE /* QuizAppTests.swift in Sources */ = {isa = PBXBuildFile; fileRef = 56BDCED324699D100076EDCE /* QuizAppTests.swift */; };
		56BDCEDF24699D100076EDCE /* QuizAppUITests.swift in Sources */ = {isa = PBXBuildFile; fileRef = 56BDCEDE24699D100076EDCE /* QuizAppUITests.swift */; };
		56BDCEEE2469A28D0076EDCE /* QuizServis.swift in Sources */ = {isa = PBXBuildFile; fileRef = 56BDCEED2469A28D0076EDCE /* QuizServis.swift */; };
		D142092924A0E8C7001FFEC8 /* LeaderboardsViewController.swift in Sources */ = {isa = PBXBuildFile; fileRef = D142092824A0E8C7001FFEC8 /* LeaderboardsViewController.swift */; };
		D142092B24A11256001FFEC8 /* SearchViewController.swift in Sources */ = {isa = PBXBuildFile; fileRef = D142092A24A11256001FFEC8 /* SearchViewController.swift */; };
		D142092D24A1126B001FFEC8 /* LeaderboardsViewController.xib in Resources */ = {isa = PBXBuildFile; fileRef = D142092C24A1126B001FFEC8 /* LeaderboardsViewController.xib */; };
		D142092F24A12C9B001FFEC8 /* SettingsViewController.swift in Sources */ = {isa = PBXBuildFile; fileRef = D142092E24A12C9B001FFEC8 /* SettingsViewController.swift */; };
		D142093224A25B0D001FFEC8 /* QuizDataModel.xcdatamodeld in Sources */ = {isa = PBXBuildFile; fileRef = D142093024A25B0D001FFEC8 /* QuizDataModel.xcdatamodeld */; };
		D142093C24A25D73001FFEC8 /* DataController.swift in Sources */ = {isa = PBXBuildFile; fileRef = D142093B24A25D73001FFEC8 /* DataController.swift */; };
/* End PBXBuildFile section */

/* Begin PBXContainerItemProxy section */
		56BDCED024699D100076EDCE /* PBXContainerItemProxy */ = {
			isa = PBXContainerItemProxy;
			containerPortal = 56BDCEB124699D0D0076EDCE /* Project object */;
			proxyType = 1;
			remoteGlobalIDString = 56BDCEB824699D0D0076EDCE;
			remoteInfo = QuizApp;
		};
		56BDCEDB24699D100076EDCE /* PBXContainerItemProxy */ = {
			isa = PBXContainerItemProxy;
			containerPortal = 56BDCEB124699D0D0076EDCE /* Project object */;
			proxyType = 1;
			remoteGlobalIDString = 56BDCEB824699D0D0076EDCE;
			remoteInfo = QuizApp;
		};
/* End PBXContainerItemProxy section */

/* Begin PBXFileReference section */
		563FDCC2248F7CB100700820 /* LoginViewController.xib */ = {isa = PBXFileReference; fileEncoding = 4; lastKnownFileType = file.xib; path = LoginViewController.xib; sourceTree = "<group>"; };
		563FDCC3248F7CB100700820 /* LoginViewContoller.swift */ = {isa = PBXFileReference; fileEncoding = 4; lastKnownFileType = sourcecode.swift; path = LoginViewContoller.swift; sourceTree = "<group>"; };
		563FDCC4248F7CB100700820 /* QuizListController.xib */ = {isa = PBXFileReference; fileEncoding = 4; lastKnownFileType = file.xib; path = QuizListController.xib; sourceTree = "<group>"; };
		563FDCC5248F7CB100700820 /* QuizListController.swift */ = {isa = PBXFileReference; fileEncoding = 4; lastKnownFileType = sourcecode.swift; path = QuizListController.swift; sourceTree = "<group>"; };
		563FDCCA248F7CF700700820 /* ListItemView.xib */ = {isa = PBXFileReference; fileEncoding = 4; lastKnownFileType = file.xib; path = ListItemView.xib; sourceTree = "<group>"; };
		563FDCCB248F7CF700700820 /* ListItemView.swift */ = {isa = PBXFileReference; fileEncoding = 4; lastKnownFileType = sourcecode.swift; path = ListItemView.swift; sourceTree = "<group>"; };
		563FDCCC248F7CF700700820 /* QuestionsView.swift */ = {isa = PBXFileReference; fileEncoding = 4; lastKnownFileType = sourcecode.swift; path = QuestionsView.swift; sourceTree = "<group>"; };
		563FDCCD248F7CF700700820 /* QuestionsView.xib */ = {isa = PBXFileReference; fileEncoding = 4; lastKnownFileType = file.xib; path = QuestionsView.xib; sourceTree = "<group>"; };
		563FDCD2248F7D5900700820 /* QuizCollection.swift */ = {isa = PBXFileReference; fileEncoding = 4; lastKnownFileType = sourcecode.swift; path = QuizCollection.swift; sourceTree = "<group>"; };
		563FDCD4248F7D8200700820 /* Question.swift */ = {isa = PBXFileReference; fileEncoding = 4; lastKnownFileType = sourcecode.swift; path = Question.swift; sourceTree = "<group>"; };
		563FDCD5248F7D8300700820 /* Quiz.swift */ = {isa = PBXFileReference; fileEncoding = 4; lastKnownFileType = sourcecode.swift; path = Quiz.swift; sourceTree = "<group>"; };
		563FDCD8248F7E5600700820 /* ViewController.swift */ = {isa = PBXFileReference; fileEncoding = 4; lastKnownFileType = sourcecode.swift; path = ViewController.swift; sourceTree = "<group>"; };
		563FDCDB248F7E9900700820 /* Base */ = {isa = PBXFileReference; lastKnownFileType = file.storyboard; name = Base; path = Base.lproj/Main.storyboard; sourceTree = "<group>"; };
		56BDCEB924699D0D0076EDCE /* QuizApp.app */ = {isa = PBXFileReference; explicitFileType = wrapper.application; includeInIndex = 0; path = QuizApp.app; sourceTree = BUILT_PRODUCTS_DIR; };
		56BDCEBC24699D0D0076EDCE /* AppDelegate.swift */ = {isa = PBXFileReference; lastKnownFileType = sourcecode.swift; path = AppDelegate.swift; sourceTree = "<group>"; };
		56BDCEBE24699D0D0076EDCE /* SceneDelegate.swift */ = {isa = PBXFileReference; lastKnownFileType = sourcecode.swift; path = SceneDelegate.swift; sourceTree = "<group>"; };
		56BDCEC524699D100076EDCE /* Assets.xcassets */ = {isa = PBXFileReference; lastKnownFileType = folder.assetcatalog; path = Assets.xcassets; sourceTree = "<group>"; };
		56BDCEC824699D100076EDCE /* Base */ = {isa = PBXFileReference; lastKnownFileType = file.storyboard; name = Base; path = Base.lproj/LaunchScreen.storyboard; sourceTree = "<group>"; };
		56BDCECA24699D100076EDCE /* Info.plist */ = {isa = PBXFileReference; lastKnownFileType = text.plist.xml; path = Info.plist; sourceTree = "<group>"; };
		56BDCECF24699D100076EDCE /* QuizAppTests.xctest */ = {isa = PBXFileReference; explicitFileType = wrapper.cfbundle; includeInIndex = 0; path = QuizAppTests.xctest; sourceTree = BUILT_PRODUCTS_DIR; };
		56BDCED324699D100076EDCE /* QuizAppTests.swift */ = {isa = PBXFileReference; lastKnownFileType = sourcecode.swift; path = QuizAppTests.swift; sourceTree = "<group>"; };
		56BDCED524699D100076EDCE /* Info.plist */ = {isa = PBXFileReference; lastKnownFileType = text.plist.xml; path = Info.plist; sourceTree = "<group>"; };
		56BDCEDA24699D100076EDCE /* QuizAppUITests.xctest */ = {isa = PBXFileReference; explicitFileType = wrapper.cfbundle; includeInIndex = 0; path = QuizAppUITests.xctest; sourceTree = BUILT_PRODUCTS_DIR; };
		56BDCEDE24699D100076EDCE /* QuizAppUITests.swift */ = {isa = PBXFileReference; lastKnownFileType = sourcecode.swift; path = QuizAppUITests.swift; sourceTree = "<group>"; };
		56BDCEE024699D100076EDCE /* Info.plist */ = {isa = PBXFileReference; lastKnownFileType = text.plist.xml; path = Info.plist; sourceTree = "<group>"; };
		56BDCEED2469A28D0076EDCE /* QuizServis.swift */ = {isa = PBXFileReference; lastKnownFileType = sourcecode.swift; path = QuizServis.swift; sourceTree = "<group>"; };
		D142092824A0E8C7001FFEC8 /* LeaderboardsViewController.swift */ = {isa = PBXFileReference; lastKnownFileType = sourcecode.swift; path = LeaderboardsViewController.swift; sourceTree = "<group>"; };
		D142092A24A11256001FFEC8 /* SearchViewController.swift */ = {isa = PBXFileReference; lastKnownFileType = sourcecode.swift; path = SearchViewController.swift; sourceTree = "<group>"; };
		D142092C24A1126B001FFEC8 /* LeaderboardsViewController.xib */ = {isa = PBXFileReference; lastKnownFileType = file.xib; path = LeaderboardsViewController.xib; sourceTree = "<group>"; };
		D142092E24A12C9B001FFEC8 /* SettingsViewController.swift */ = {isa = PBXFileReference; lastKnownFileType = sourcecode.swift; path = SettingsViewController.swift; sourceTree = "<group>"; };
		D142093124A25B0D001FFEC8 /* QuizDataModel.xcdatamodel */ = {isa = PBXFileReference; lastKnownFileType = wrapper.xcdatamodel; path = QuizDataModel.xcdatamodel; sourceTree = "<group>"; };
		D142093B24A25D73001FFEC8 /* DataController.swift */ = {isa = PBXFileReference; lastKnownFileType = sourcecode.swift; path = DataController.swift; sourceTree = "<group>"; };
/* End PBXFileReference section */

/* Begin PBXFrameworksBuildPhase section */
		56BDCEB624699D0D0076EDCE /* Frameworks */ = {
			isa = PBXFrameworksBuildPhase;
			buildActionMask = 2147483647;
			files = (
			);
			runOnlyForDeploymentPostprocessing = 0;
		};
		56BDCECC24699D100076EDCE /* Frameworks */ = {
			isa = PBXFrameworksBuildPhase;
			buildActionMask = 2147483647;
			files = (
			);
			runOnlyForDeploymentPostprocessing = 0;
		};
		56BDCED724699D100076EDCE /* Frameworks */ = {
			isa = PBXFrameworksBuildPhase;
			buildActionMask = 2147483647;
			files = (
			);
			runOnlyForDeploymentPostprocessing = 0;
		};
/* End PBXFrameworksBuildPhase section */

/* Begin PBXGroup section */
		56561AC3248C308C0043FABB /* Contollers */ = {
			isa = PBXGroup;
			children = (
				563FDCC3248F7CB100700820 /* LoginViewContoller.swift */,
				563FDCC2248F7CB100700820 /* LoginViewController.xib */,
				563FDCC5248F7CB100700820 /* QuizListController.swift */,
				563FDCC4248F7CB100700820 /* QuizListController.xib */,
				D142092824A0E8C7001FFEC8 /* LeaderboardsViewController.swift */,
				D142092A24A11256001FFEC8 /* SearchViewController.swift */,
				D142092C24A1126B001FFEC8 /* LeaderboardsViewController.xib */,
				D142092E24A12C9B001FFEC8 /* SettingsViewController.swift */,
				D142093B24A25D73001FFEC8 /* DataController.swift */,
			);
			path = Contollers;
			sourceTree = "<group>";
		};
		56BDCEB024699D0D0076EDCE = {
			isa = PBXGroup;
			children = (
				56BDCEBB24699D0D0076EDCE /* QuizApp */,
				56BDCED224699D100076EDCE /* QuizAppTests */,
				56BDCEDD24699D100076EDCE /* QuizAppUITests */,
				56BDCEBA24699D0D0076EDCE /* Products */,
			);
			sourceTree = "<group>";
		};
		56BDCEBA24699D0D0076EDCE /* Products */ = {
			isa = PBXGroup;
			children = (
				56BDCEB924699D0D0076EDCE /* QuizApp.app */,
				56BDCECF24699D100076EDCE /* QuizAppTests.xctest */,
				56BDCEDA24699D100076EDCE /* QuizAppUITests.xctest */,
			);
			name = Products;
			sourceTree = "<group>";
		};
		56BDCEBB24699D0D0076EDCE /* QuizApp */ = {
			isa = PBXGroup;
			children = (
				56561AC3248C308C0043FABB /* Contollers */,
				56BDCEF62469CD310076EDCE /* Views */,
				56BDCEEF2469A4890076EDCE /* Models */,
				56BDCEEC2469A24A0076EDCE /* Services */,
				56BDCEBC24699D0D0076EDCE /* AppDelegate.swift */,
				D142093024A25B0D001FFEC8 /* QuizDataModel.xcdatamodeld */,
				56BDCEBE24699D0D0076EDCE /* SceneDelegate.swift */,
				563FDCDA248F7E9900700820 /* Main.storyboard */,
				563FDCD8248F7E5600700820 /* ViewController.swift */,
				56BDCEC524699D100076EDCE /* Assets.xcassets */,
				56BDCEC724699D100076EDCE /* LaunchScreen.storyboard */,
				56BDCECA24699D100076EDCE /* Info.plist */,
			);
			path = QuizApp;
			sourceTree = "<group>";
		};
		56BDCED224699D100076EDCE /* QuizAppTests */ = {
			isa = PBXGroup;
			children = (
				56BDCED324699D100076EDCE /* QuizAppTests.swift */,
				56BDCED524699D100076EDCE /* Info.plist */,
			);
			path = QuizAppTests;
			sourceTree = "<group>";
		};
		56BDCEDD24699D100076EDCE /* QuizAppUITests */ = {
			isa = PBXGroup;
			children = (
				56BDCEDE24699D100076EDCE /* QuizAppUITests.swift */,
				56BDCEE024699D100076EDCE /* Info.plist */,
			);
			path = QuizAppUITests;
			sourceTree = "<group>";
		};
		56BDCEEC2469A24A0076EDCE /* Services */ = {
			isa = PBXGroup;
			children = (
				56BDCEED2469A28D0076EDCE /* QuizServis.swift */,
			);
			path = Services;
			sourceTree = "<group>";
		};
		56BDCEEF2469A4890076EDCE /* Models */ = {
			isa = PBXGroup;
			children = (
				563FDCD4248F7D8200700820 /* Question.swift */,
				563FDCD5248F7D8300700820 /* Quiz.swift */,
				563FDCD2248F7D5900700820 /* QuizCollection.swift */,
			);
			path = Models;
			sourceTree = "<group>";
		};
		56BDCEF62469CD310076EDCE /* Views */ = {
			isa = PBXGroup;
			children = (
				563FDCCB248F7CF700700820 /* ListItemView.swift */,
				563FDCCA248F7CF700700820 /* ListItemView.xib */,
				563FDCCC248F7CF700700820 /* QuestionsView.swift */,
				563FDCCD248F7CF700700820 /* QuestionsView.xib */,
			);
			path = Views;
			sourceTree = "<group>";
		};
/* End PBXGroup section */

/* Begin PBXNativeTarget section */
		56BDCEB824699D0D0076EDCE /* QuizApp */ = {
			isa = PBXNativeTarget;
			buildConfigurationList = 56BDCEE324699D100076EDCE /* Build configuration list for PBXNativeTarget "QuizApp" */;
			buildPhases = (
				56BDCEB524699D0D0076EDCE /* Sources */,
				56BDCEB624699D0D0076EDCE /* Frameworks */,
				56BDCEB724699D0D0076EDCE /* Resources */,
			);
			buildRules = (
			);
			dependencies = (
			);
			name = QuizApp;
			productName = QuizApp;
			productReference = 56BDCEB924699D0D0076EDCE /* QuizApp.app */;
			productType = "com.apple.product-type.application";
		};
		56BDCECE24699D100076EDCE /* QuizAppTests */ = {
			isa = PBXNativeTarget;
			buildConfigurationList = 56BDCEE624699D100076EDCE /* Build configuration list for PBXNativeTarget "QuizAppTests" */;
			buildPhases = (
				56BDCECB24699D100076EDCE /* Sources */,
				56BDCECC24699D100076EDCE /* Frameworks */,
				56BDCECD24699D100076EDCE /* Resources */,
			);
			buildRules = (
			);
			dependencies = (
				56BDCED124699D100076EDCE /* PBXTargetDependency */,
			);
			name = QuizAppTests;
			productName = QuizAppTests;
			productReference = 56BDCECF24699D100076EDCE /* QuizAppTests.xctest */;
			productType = "com.apple.product-type.bundle.unit-test";
		};
		56BDCED924699D100076EDCE /* QuizAppUITests */ = {
			isa = PBXNativeTarget;
			buildConfigurationList = 56BDCEE924699D100076EDCE /* Build configuration list for PBXNativeTarget "QuizAppUITests" */;
			buildPhases = (
				56BDCED624699D100076EDCE /* Sources */,
				56BDCED724699D100076EDCE /* Frameworks */,
				56BDCED824699D100076EDCE /* Resources */,
			);
			buildRules = (
			);
			dependencies = (
				56BDCEDC24699D100076EDCE /* PBXTargetDependency */,
			);
			name = QuizAppUITests;
			productName = QuizAppUITests;
			productReference = 56BDCEDA24699D100076EDCE /* QuizAppUITests.xctest */;
			productType = "com.apple.product-type.bundle.ui-testing";
		};
/* End PBXNativeTarget section */

/* Begin PBXProject section */
		56BDCEB124699D0D0076EDCE /* Project object */ = {
			isa = PBXProject;
			attributes = {
				LastSwiftUpdateCheck = 1140;
				LastUpgradeCheck = 1140;
				ORGANIZATIONNAME = sara;
				TargetAttributes = {
					56BDCEB824699D0D0076EDCE = {
						CreatedOnToolsVersion = 11.4.1;
					};
					56BDCECE24699D100076EDCE = {
						CreatedOnToolsVersion = 11.4.1;
						TestTargetID = 56BDCEB824699D0D0076EDCE;
					};
					56BDCED924699D100076EDCE = {
						CreatedOnToolsVersion = 11.4.1;
						TestTargetID = 56BDCEB824699D0D0076EDCE;
					};
				};
			};
			buildConfigurationList = 56BDCEB424699D0D0076EDCE /* Build configuration list for PBXProject "QuizApp" */;
			compatibilityVersion = "Xcode 9.3";
			developmentRegion = en;
			hasScannedForEncodings = 0;
			knownRegions = (
				en,
				Base,
			);
			mainGroup = 56BDCEB024699D0D0076EDCE;
			productRefGroup = 56BDCEBA24699D0D0076EDCE /* Products */;
			projectDirPath = "";
			projectRoot = "";
			targets = (
				56BDCEB824699D0D0076EDCE /* QuizApp */,
				56BDCECE24699D100076EDCE /* QuizAppTests */,
				56BDCED924699D100076EDCE /* QuizAppUITests */,
			);
		};
/* End PBXProject section */

/* Begin PBXResourcesBuildPhase section */
		56BDCEB724699D0D0076EDCE /* Resources */ = {
			isa = PBXResourcesBuildPhase;
			buildActionMask = 2147483647;
			files = (
				563FDCDC248F7E9900700820 /* Main.storyboard in Resources */,
				563FDCC8248F7CB100700820 /* QuizListController.xib in Resources */,
				56BDCEC924699D100076EDCE /* LaunchScreen.storyboard in Resources */,
				56BDCEC624699D100076EDCE /* Assets.xcassets in Resources */,
				563FDCC6248F7CB100700820 /* LoginViewController.xib in Resources */,
				563FDCD1248F7CF700700820 /* QuestionsView.xib in Resources */,
				D142092D24A1126B001FFEC8 /* LeaderboardsViewController.xib in Resources */,
				563FDCCE248F7CF700700820 /* ListItemView.xib in Resources */,
			);
			runOnlyForDeploymentPostprocessing = 0;
		};
		56BDCECD24699D100076EDCE /* Resources */ = {
			isa = PBXResourcesBuildPhase;
			buildActionMask = 2147483647;
			files = (
			);
			runOnlyForDeploymentPostprocessing = 0;
		};
		56BDCED824699D100076EDCE /* Resources */ = {
			isa = PBXResourcesBuildPhase;
			buildActionMask = 2147483647;
			files = (
			);
			runOnlyForDeploymentPostprocessing = 0;
		};
/* End PBXResourcesBuildPhase section */

/* Begin PBXSourcesBuildPhase section */
		56BDCEB524699D0D0076EDCE /* Sources */ = {
			isa = PBXSourcesBuildPhase;
			buildActionMask = 2147483647;
			files = (
				56BDCEEE2469A28D0076EDCE /* QuizServis.swift in Sources */,
				563FDCD0248F7CF700700820 /* QuestionsView.swift in Sources */,
				D142093C24A25D73001FFEC8 /* DataController.swift in Sources */,
				563FDCC7248F7CB100700820 /* LoginViewContoller.swift in Sources */,
				563FDCD6248F7D8300700820 /* Question.swift in Sources */,
				D142092924A0E8C7001FFEC8 /* LeaderboardsViewController.swift in Sources */,
				563FDCD9248F7E5600700820 /* ViewController.swift in Sources */,
				563FDCC9248F7CB100700820 /* QuizListController.swift in Sources */,
				563FDCD3248F7D5900700820 /* QuizCollection.swift in Sources */,
				D142093224A25B0D001FFEC8 /* QuizDataModel.xcdatamodeld in Sources */,
				D142092B24A11256001FFEC8 /* SearchViewController.swift in Sources */,
				D142092F24A12C9B001FFEC8 /* SettingsViewController.swift in Sources */,
				563FDCD7248F7D8300700820 /* Quiz.swift in Sources */,
				563FDCCF248F7CF700700820 /* ListItemView.swift in Sources */,
				56BDCEBD24699D0D0076EDCE /* AppDelegate.swift in Sources */,
				56BDCEBF24699D0D0076EDCE /* SceneDelegate.swift in Sources */,
			);
			runOnlyForDeploymentPostprocessing = 0;
		};
		56BDCECB24699D100076EDCE /* Sources */ = {
			isa = PBXSourcesBuildPhase;
			buildActionMask = 2147483647;
			files = (
				56BDCED424699D100076EDCE /* QuizAppTests.swift in Sources */,
			);
			runOnlyForDeploymentPostprocessing = 0;
		};
		56BDCED624699D100076EDCE /* Sources */ = {
			isa = PBXSourcesBuildPhase;
			buildActionMask = 2147483647;
			files = (
				56BDCEDF24699D100076EDCE /* QuizAppUITests.swift in Sources */,
			);
			runOnlyForDeploymentPostprocessing = 0;
		};
/* End PBXSourcesBuildPhase section */

/* Begin PBXTargetDependency section */
		56BDCED124699D100076EDCE /* PBXTargetDependency */ = {
			isa = PBXTargetDependency;
			target = 56BDCEB824699D0D0076EDCE /* QuizApp */;
			targetProxy = 56BDCED024699D100076EDCE /* PBXContainerItemProxy */;
		};
		56BDCEDC24699D100076EDCE /* PBXTargetDependency */ = {
			isa = PBXTargetDependency;
			target = 56BDCEB824699D0D0076EDCE /* QuizApp */;
			targetProxy = 56BDCEDB24699D100076EDCE /* PBXContainerItemProxy */;
		};
/* End PBXTargetDependency section */

/* Begin PBXVariantGroup section */
		563FDCDA248F7E9900700820 /* Main.storyboard */ = {
			isa = PBXVariantGroup;
			children = (
				563FDCDB248F7E9900700820 /* Base */,
			);
			name = Main.storyboard;
			sourceTree = "<group>";
		};
		56BDCEC724699D100076EDCE /* LaunchScreen.storyboard */ = {
			isa = PBXVariantGroup;
			children = (
				56BDCEC824699D100076EDCE /* Base */,
			);
			name = LaunchScreen.storyboard;
			sourceTree = "<group>";
		};
/* End PBXVariantGroup section */

/* Begin XCBuildConfiguration section */
		56BDCEE124699D100076EDCE /* Debug */ = {
			isa = XCBuildConfiguration;
			buildSettings = {
				ALWAYS_SEARCH_USER_PATHS = NO;
				CLANG_ANALYZER_NONNULL = YES;
				CLANG_ANALYZER_NUMBER_OBJECT_CONVERSION = YES_AGGRESSIVE;
				CLANG_CXX_LANGUAGE_STANDARD = "gnu++14";
				CLANG_CXX_LIBRARY = "libc++";
				CLANG_ENABLE_MODULES = YES;
				CLANG_ENABLE_OBJC_ARC = YES;
				CLANG_ENABLE_OBJC_WEAK = YES;
				CLANG_WARN_BLOCK_CAPTURE_AUTORELEASING = YES;
				CLANG_WARN_BOOL_CONVERSION = YES;
				CLANG_WARN_COMMA = YES;
				CLANG_WARN_CONSTANT_CONVERSION = YES;
				CLANG_WARN_DEPRECATED_OBJC_IMPLEMENTATIONS = YES;
				CLANG_WARN_DIRECT_OBJC_ISA_USAGE = YES_ERROR;
				CLANG_WARN_DOCUMENTATION_COMMENTS = YES;
				CLANG_WARN_EMPTY_BODY = YES;
				CLANG_WARN_ENUM_CONVERSION = YES;
				CLANG_WARN_INFINITE_RECURSION = YES;
				CLANG_WARN_INT_CONVERSION = YES;
				CLANG_WARN_NON_LITERAL_NULL_CONVERSION = YES;
				CLANG_WARN_OBJC_IMPLICIT_RETAIN_SELF = YES;
				CLANG_WARN_OBJC_LITERAL_CONVERSION = YES;
				CLANG_WARN_OBJC_ROOT_CLASS = YES_ERROR;
				CLANG_WARN_RANGE_LOOP_ANALYSIS = YES;
				CLANG_WARN_STRICT_PROTOTYPES = YES;
				CLANG_WARN_SUSPICIOUS_MOVE = YES;
				CLANG_WARN_UNGUARDED_AVAILABILITY = YES_AGGRESSIVE;
				CLANG_WARN_UNREACHABLE_CODE = YES;
				CLANG_WARN__DUPLICATE_METHOD_MATCH = YES;
				COPY_PHASE_STRIP = NO;
				DEBUG_INFORMATION_FORMAT = dwarf;
				ENABLE_STRICT_OBJC_MSGSEND = YES;
				ENABLE_TESTABILITY = YES;
				GCC_C_LANGUAGE_STANDARD = gnu11;
				GCC_DYNAMIC_NO_PIC = NO;
				GCC_NO_COMMON_BLOCKS = YES;
				GCC_OPTIMIZATION_LEVEL = 0;
				GCC_PREPROCESSOR_DEFINITIONS = (
					"DEBUG=1",
					"$(inherited)",
				);
				GCC_WARN_64_TO_32_BIT_CONVERSION = YES;
				GCC_WARN_ABOUT_RETURN_TYPE = YES_ERROR;
				GCC_WARN_UNDECLARED_SELECTOR = YES;
				GCC_WARN_UNINITIALIZED_AUTOS = YES_AGGRESSIVE;
				GCC_WARN_UNUSED_FUNCTION = YES;
				GCC_WARN_UNUSED_VARIABLE = YES;
				IPHONEOS_DEPLOYMENT_TARGET = 13.4;
				MTL_ENABLE_DEBUG_INFO = INCLUDE_SOURCE;
				MTL_FAST_MATH = YES;
				ONLY_ACTIVE_ARCH = YES;
				SDKROOT = iphoneos;
				SWIFT_ACTIVE_COMPILATION_CONDITIONS = DEBUG;
				SWIFT_OPTIMIZATION_LEVEL = "-Onone";
			};
			name = Debug;
		};
		56BDCEE224699D100076EDCE /* Release */ = {
			isa = XCBuildConfiguration;
			buildSettings = {
				ALWAYS_SEARCH_USER_PATHS = NO;
				CLANG_ANALYZER_NONNULL = YES;
				CLANG_ANALYZER_NUMBER_OBJECT_CONVERSION = YES_AGGRESSIVE;
				CLANG_CXX_LANGUAGE_STANDARD = "gnu++14";
				CLANG_CXX_LIBRARY = "libc++";
				CLANG_ENABLE_MODULES = YES;
				CLANG_ENABLE_OBJC_ARC = YES;
				CLANG_ENABLE_OBJC_WEAK = YES;
				CLANG_WARN_BLOCK_CAPTURE_AUTORELEASING = YES;
				CLANG_WARN_BOOL_CONVERSION = YES;
				CLANG_WARN_COMMA = YES;
				CLANG_WARN_CONSTANT_CONVERSION = YES;
				CLANG_WARN_DEPRECATED_OBJC_IMPLEMENTATIONS = YES;
				CLANG_WARN_DIRECT_OBJC_ISA_USAGE = YES_ERROR;
				CLANG_WARN_DOCUMENTATION_COMMENTS = YES;
				CLANG_WARN_EMPTY_BODY = YES;
				CLANG_WARN_ENUM_CONVERSION = YES;
				CLANG_WARN_INFINITE_RECURSION = YES;
				CLANG_WARN_INT_CONVERSION = YES;
				CLANG_WARN_NON_LITERAL_NULL_CONVERSION = YES;
				CLANG_WARN_OBJC_IMPLICIT_RETAIN_SELF = YES;
				CLANG_WARN_OBJC_LITERAL_CONVERSION = YES;
				CLANG_WARN_OBJC_ROOT_CLASS = YES_ERROR;
				CLANG_WARN_RANGE_LOOP_ANALYSIS = YES;
				CLANG_WARN_STRICT_PROTOTYPES = YES;
				CLANG_WARN_SUSPICIOUS_MOVE = YES;
				CLANG_WARN_UNGUARDED_AVAILABILITY = YES_AGGRESSIVE;
				CLANG_WARN_UNREACHABLE_CODE = YES;
				CLANG_WARN__DUPLICATE_METHOD_MATCH = YES;
				COPY_PHASE_STRIP = NO;
				DEBUG_INFORMATION_FORMAT = "dwarf-with-dsym";
				ENABLE_NS_ASSERTIONS = NO;
				ENABLE_STRICT_OBJC_MSGSEND = YES;
				GCC_C_LANGUAGE_STANDARD = gnu11;
				GCC_NO_COMMON_BLOCKS = YES;
				GCC_WARN_64_TO_32_BIT_CONVERSION = YES;
				GCC_WARN_ABOUT_RETURN_TYPE = YES_ERROR;
				GCC_WARN_UNDECLARED_SELECTOR = YES;
				GCC_WARN_UNINITIALIZED_AUTOS = YES_AGGRESSIVE;
				GCC_WARN_UNUSED_FUNCTION = YES;
				GCC_WARN_UNUSED_VARIABLE = YES;
				IPHONEOS_DEPLOYMENT_TARGET = 13.4;
				MTL_ENABLE_DEBUG_INFO = NO;
				MTL_FAST_MATH = YES;
				SDKROOT = iphoneos;
				SWIFT_COMPILATION_MODE = wholemodule;
				SWIFT_OPTIMIZATION_LEVEL = "-O";
				VALIDATE_PRODUCT = YES;
			};
			name = Release;
		};
		56BDCEE424699D100076EDCE /* Debug */ = {
			isa = XCBuildConfiguration;
			buildSettings = {
				ASSETCATALOG_COMPILER_APPICON_NAME = AppIcon;
				CODE_SIGN_STYLE = Automatic;
				INFOPLIST_FILE = QuizApp/Info.plist;
				LD_RUNPATH_SEARCH_PATHS = (
					"$(inherited)",
					"@executable_path/Frameworks",
				);
				PRODUCT_BUNDLE_IDENTIFIER = hr.fer.sara.zorcic.QuizApp;
				PRODUCT_NAME = "$(TARGET_NAME)";
				SWIFT_VERSION = 5.0;
				TARGETED_DEVICE_FAMILY = "1,2";
			};
			name = Debug;
		};
		56BDCEE524699D100076EDCE /* Release */ = {
			isa = XCBuildConfiguration;
			buildSettings = {
				ASSETCATALOG_COMPILER_APPICON_NAME = AppIcon;
				CODE_SIGN_STYLE = Automatic;
				INFOPLIST_FILE = QuizApp/Info.plist;
				LD_RUNPATH_SEARCH_PATHS = (
					"$(inherited)",
					"@executable_path/Frameworks",
				);
				PRODUCT_BUNDLE_IDENTIFIER = hr.fer.sara.zorcic.QuizApp;
				PRODUCT_NAME = "$(TARGET_NAME)";
				SWIFT_VERSION = 5.0;
				TARGETED_DEVICE_FAMILY = "1,2";
			};
			name = Release;
		};
		56BDCEE724699D100076EDCE /* Debug */ = {
			isa = XCBuildConfiguration;
			buildSettings = {
				ALWAYS_EMBED_SWIFT_STANDARD_LIBRARIES = YES;
				BUNDLE_LOADER = "$(TEST_HOST)";
				CODE_SIGN_STYLE = Automatic;
				INFOPLIST_FILE = QuizAppTests/Info.plist;
				IPHONEOS_DEPLOYMENT_TARGET = 13.4;
				LD_RUNPATH_SEARCH_PATHS = (
					"$(inherited)",
					"@executable_path/Frameworks",
					"@loader_path/Frameworks",
				);
				PRODUCT_BUNDLE_IDENTIFIER = hr.fer.sara.zorcic.QuizAppTests;
				PRODUCT_NAME = "$(TARGET_NAME)";
				SWIFT_VERSION = 5.0;
				TARGETED_DEVICE_FAMILY = "1,2";
				TEST_HOST = "$(BUILT_PRODUCTS_DIR)/QuizApp.app/QuizApp";
			};
			name = Debug;
		};
		56BDCEE824699D100076EDCE /* Release */ = {
			isa = XCBuildConfiguration;
			buildSettings = {
				ALWAYS_EMBED_SWIFT_STANDARD_LIBRARIES = YES;
				BUNDLE_LOADER = "$(TEST_HOST)";
				CODE_SIGN_STYLE = Automatic;
				INFOPLIST_FILE = QuizAppTests/Info.plist;
				IPHONEOS_DEPLOYMENT_TARGET = 13.4;
				LD_RUNPATH_SEARCH_PATHS = (
					"$(inherited)",
					"@executable_path/Frameworks",
					"@loader_path/Frameworks",
				);
				PRODUCT_BUNDLE_IDENTIFIER = hr.fer.sara.zorcic.QuizAppTests;
				PRODUCT_NAME = "$(TARGET_NAME)";
				SWIFT_VERSION = 5.0;
				TARGETED_DEVICE_FAMILY = "1,2";
				TEST_HOST = "$(BUILT_PRODUCTS_DIR)/QuizApp.app/QuizApp";
			};
			name = Release;
		};
		56BDCEEA24699D100076EDCE /* Debug */ = {
			isa = XCBuildConfiguration;
			buildSettings = {
				ALWAYS_EMBED_SWIFT_STANDARD_LIBRARIES = YES;
				CODE_SIGN_STYLE = Automatic;
				INFOPLIST_FILE = QuizAppUITests/Info.plist;
				LD_RUNPATH_SEARCH_PATHS = (
					"$(inherited)",
					"@executable_path/Frameworks",
					"@loader_path/Frameworks",
				);
				PRODUCT_BUNDLE_IDENTIFIER = hr.fer.sara.zorcic.QuizAppUITests;
				PRODUCT_NAME = "$(TARGET_NAME)";
				SWIFT_VERSION = 5.0;
				TARGETED_DEVICE_FAMILY = "1,2";
				TEST_TARGET_NAME = QuizApp;
			};
			name = Debug;
		};
		56BDCEEB24699D100076EDCE /* Release */ = {
			isa = XCBuildConfiguration;
			buildSettings = {
				ALWAYS_EMBED_SWIFT_STANDARD_LIBRARIES = YES;
				CODE_SIGN_STYLE = Automatic;
				INFOPLIST_FILE = QuizAppUITests/Info.plist;
				LD_RUNPATH_SEARCH_PATHS = (
					"$(inherited)",
					"@executable_path/Frameworks",
					"@loader_path/Frameworks",
				);
				PRODUCT_BUNDLE_IDENTIFIER = hr.fer.sara.zorcic.QuizAppUITests;
				PRODUCT_NAME = "$(TARGET_NAME)";
				SWIFT_VERSION = 5.0;
				TARGETED_DEVICE_FAMILY = "1,2";
				TEST_TARGET_NAME = QuizApp;
			};
			name = Release;
		};
/* End XCBuildConfiguration section */

/* Begin XCConfigurationList section */
		56BDCEB424699D0D0076EDCE /* Build configuration list for PBXProject "QuizApp" */ = {
			isa = XCConfigurationList;
			buildConfigurations = (
				56BDCEE124699D100076EDCE /* Debug */,
				56BDCEE224699D100076EDCE /* Release */,
			);
			defaultConfigurationIsVisible = 0;
			defaultConfigurationName = Release;
		};
		56BDCEE324699D100076EDCE /* Build configuration list for PBXNativeTarget "QuizApp" */ = {
			isa = XCConfigurationList;
			buildConfigurations = (
				56BDCEE424699D100076EDCE /* Debug */,
				56BDCEE524699D100076EDCE /* Release */,
			);
			defaultConfigurationIsVisible = 0;
			defaultConfigurationName = Release;
		};
		56BDCEE624699D100076EDCE /* Build configuration list for PBXNativeTarget "QuizAppTests" */ = {
			isa = XCConfigurationList;
			buildConfigurations = (
				56BDCEE724699D100076EDCE /* Debug */,
				56BDCEE824699D100076EDCE /* Release */,
			);
			defaultConfigurationIsVisible = 0;
			defaultConfigurationName = Release;
		};
		56BDCEE924699D100076EDCE /* Build configuration list for PBXNativeTarget "QuizAppUITests" */ = {
			isa = XCConfigurationList;
			buildConfigurations = (
				56BDCEEA24699D100076EDCE /* Debug */,
				56BDCEEB24699D100076EDCE /* Release */,
			);
			defaultConfigurationIsVisible = 0;
			defaultConfigurationName = Release;
		};
/* End XCConfigurationList section */

/* Begin XCVersionGroup section */
		D142093024A25B0D001FFEC8 /* QuizDataModel.xcdatamodeld */ = {
			isa = XCVersionGroup;
			children = (
				D142093124A25B0D001FFEC8 /* QuizDataModel.xcdatamodel */,
			);
			currentVersion = D142093124A25B0D001FFEC8 /* QuizDataModel.xcdatamodel */;
			path = QuizDataModel.xcdatamodeld;
			sourceTree = "<group>";
			versionGroupType = wrapper.xcdatamodel;
		};
/* End XCVersionGroup section */
	};
	rootObject = 56BDCEB124699D0D0076EDCE /* Project object */;
}
